
Microsoft Visual Studio Solution File, Format Version 12.00
# Visual Studio 15
VisualStudioVersion = 15.0.26124.0
MinimumVisualStudioVersion = 15.0.26124.0
Project("{F2A71F9B-5D33-465A-A702-920D77279786}") = "WebApplicationFSharp.Net", "WebApplicationFSharp.Net.fsproj", "{02EDFC13-49DE-4AE2-97E1-1BB995B187B1}"
EndProject
Project("{F2A71F9B-5D33-465A-A702-920D77279786}") = "WebApplicationFSharp.Net.Tests", "..\WebApplicationFSharp.Net.Tests\WebApplicationFSharp.Net.Tests.fsproj", "{3901099B-12EA-440E-9C20-EB1AC9AD5295}"
EndProject
Global
	GlobalSection(SolutionConfigurationPlatforms) = preSolution
		Debug|Any CPU = Debug|Any CPU
		Debug|x64 = Debug|x64
		Debug|x86 = Debug|x86
		Release|Any CPU = Release|Any CPU
		Release|x64 = Release|x64
		Release|x86 = Release|x86
	EndGlobalSection
	GlobalSection(SolutionProperties) = preSolution
		HideSolutionNode = FALSE
	EndGlobalSection
	GlobalSection(ProjectConfigurationPlatforms) = postSolution
		{02EDFC13-49DE-4AE2-97E1-1BB995B187B1}.Debug|Any CPU.ActiveCfg = Debug|Any CPU
		{02EDFC13-49DE-4AE2-97E1-1BB995B187B1}.Debug|Any CPU.Build.0 = Debug|Any CPU
		{02EDFC13-49DE-4AE2-97E1-1BB995B187B1}.Debug|x64.ActiveCfg = Debug|x64
		{02EDFC13-49DE-4AE2-97E1-1BB995B187B1}.Debug|x64.Build.0 = Debug|x64
		{02EDFC13-49DE-4AE2-97E1-1BB995B187B1}.Debug|x86.ActiveCfg = Debug|x86
		{02EDFC13-49DE-4AE2-97E1-1BB995B187B1}.Debug|x86.Build.0 = Debug|x86
		{02EDFC13-49DE-4AE2-97E1-1BB995B187B1}.Release|Any CPU.ActiveCfg = Release|Any CPU
		{02EDFC13-49DE-4AE2-97E1-1BB995B187B1}.Release|Any CPU.Build.0 = Release|Any CPU
		{02EDFC13-49DE-4AE2-97E1-1BB995B187B1}.Release|x64.ActiveCfg = Release|x64
		{02EDFC13-49DE-4AE2-97E1-1BB995B187B1}.Release|x64.Build.0 = Release|x64
		{02EDFC13-49DE-4AE2-97E1-1BB995B187B1}.Release|x86.ActiveCfg = Release|x86
		{02EDFC13-49DE-4AE2-97E1-1BB995B187B1}.Release|x86.Build.0 = Release|x86
		{3901099B-12EA-440E-9C20-EB1AC9AD5295}.Debug|Any CPU.ActiveCfg = Debug|Any CPU
		{3901099B-12EA-440E-9C20-EB1AC9AD5295}.Debug|Any CPU.Build.0 = Debug|Any CPU
		{3901099B-12EA-440E-9C20-EB1AC9AD5295}.Debug|x64.ActiveCfg = Debug|x64
		{3901099B-12EA-440E-9C20-EB1AC9AD5295}.Debug|x64.Build.0 = Debug|x64
		{3901099B-12EA-440E-9C20-EB1AC9AD5295}.Debug|x86.ActiveCfg = Debug|x86
		{3901099B-12EA-440E-9C20-EB1AC9AD5295}.Debug|x86.Build.0 = Debug|x86
		{3901099B-12EA-440E-9C20-EB1AC9AD5295}.Release|Any CPU.ActiveCfg = Release|Any CPU
		{3901099B-12EA-440E-9C20-EB1AC9AD5295}.Release|Any CPU.Build.0 = Release|Any CPU
		{3901099B-12EA-440E-9C20-EB1AC9AD5295}.Release|x64.ActiveCfg = Release|x64
		{3901099B-12EA-440E-9C20-EB1AC9AD5295}.Release|x64.Build.0 = Release|x64
		{3901099B-12EA-440E-9C20-EB1AC9AD5295}.Release|x86.ActiveCfg = Release|x86
		{3901099B-12EA-440E-9C20-EB1AC9AD5295}.Release|x86.Build.0 = Release|x86
	EndGlobalSection
EndGlobal
