
Microsoft Visual Studio Solution File, Format Version 12.00
# Visual Studio 15
VisualStudioVersion = 15.0.26124.0
MinimumVisualStudioVersion = 15.0.26124.0
Project("{FAE04EC0-301F-11D3-BF4B-00C04F79EFBC}") = "DataAccess.Net", "DataAccess.Net\DataAccess.Net.csproj", "{C52AA7C8-797C-47D5-9AF6-68226CD52B56}"
EndProject
Project("{FAE04EC0-301F-11D3-BF4B-00C04F79EFBC}") = "DataAccess.Net.Tests", "DataAccess.Net.Tests\DataAccess.Net.Tests.csproj", "{8966DB56-5EE8-4C37-B2A3-FCA2C3C8E4BE}"
EndProject
Project("{FAE04EC0-301F-11D3-BF4B-00C04F79EFBC}") = "UnderstandingDependencyInjection.Net", "UnderstandingDependencyInjection.Net\UnderstandingDependencyInjection.Net.csproj", "{EB513C65-C6B3-49B9-9334-1F054F8B0C7A}"
EndProject
Project("{FAE04EC0-301F-11D3-BF4B-00C04F79EFBC}") = "WebAPIApplication.Net", "WebAPIApplication.Net\WebAPIApplication.Net.csproj", "{8E21AF9D-AC20-47A3-BD13-26D4FE9CC52E}"
EndProject
Project("{FAE04EC0-301F-11D3-BF4B-00C04F79EFBC}") = "WebAPIApplication.Net.Tests", "WebAPIApplication.Net.Tests\WebAPIApplication.Net.Tests.csproj", "{2EE8FF6D-E236-4CC3-AB7C-D126D87C2105}"
EndProject
Project("{FAE04EC0-301F-11D3-BF4B-00C04F79EFBC}") = "Configuration.Net", "Configuration.Net\Configuration.Net.csproj", "{9B784218-A1B4-433B-9F11-F6B54B3C0D50}"
EndProject
Global
	GlobalSection(SolutionConfigurationPlatforms) = preSolution
		Debug|Any CPU = Debug|Any CPU
		Debug|x64 = Debug|x64
		Debug|x86 = Debug|x86
		Release|Any CPU = Release|Any CPU
		Release|x64 = Release|x64
		Release|x86 = Release|x86
	EndGlobalSection
	GlobalSection(SolutionProperties) = preSolution
		HideSolutionNode = FALSE
	EndGlobalSection
	GlobalSection(ProjectConfigurationPlatforms) = postSolution
		{8966DB56-5EE8-4C37-B2A3-FCA2C3C8E4BE}.Debug|Any CPU.ActiveCfg = Debug|Any CPU
		{8966DB56-5EE8-4C37-B2A3-FCA2C3C8E4BE}.Debug|Any CPU.Build.0 = Debug|Any CPU
		{8966DB56-5EE8-4C37-B2A3-FCA2C3C8E4BE}.Debug|x64.ActiveCfg = Debug|x64
		{8966DB56-5EE8-4C37-B2A3-FCA2C3C8E4BE}.Debug|x64.Build.0 = Debug|x64
		{8966DB56-5EE8-4C37-B2A3-FCA2C3C8E4BE}.Debug|x86.ActiveCfg = Debug|x86
		{8966DB56-5EE8-4C37-B2A3-FCA2C3C8E4BE}.Debug|x86.Build.0 = Debug|x86
		{8966DB56-5EE8-4C37-B2A3-FCA2C3C8E4BE}.Release|Any CPU.ActiveCfg = Release|Any CPU
		{8966DB56-5EE8-4C37-B2A3-FCA2C3C8E4BE}.Release|Any CPU.Build.0 = Release|Any CPU
		{8966DB56-5EE8-4C37-B2A3-FCA2C3C8E4BE}.Release|x64.ActiveCfg = Release|x64
		{8966DB56-5EE8-4C37-B2A3-FCA2C3C8E4BE}.Release|x64.Build.0 = Release|x64
		{8966DB56-5EE8-4C37-B2A3-FCA2C3C8E4BE}.Release|x86.ActiveCfg = Release|x86
		{8966DB56-5EE8-4C37-B2A3-FCA2C3C8E4BE}.Release|x86.Build.0 = Release|x86
		{C52AA7C8-797C-47D5-9AF6-68226CD52B56}.Debug|Any CPU.ActiveCfg = Debug|Any CPU
		{C52AA7C8-797C-47D5-9AF6-68226CD52B56}.Debug|Any CPU.Build.0 = Debug|Any CPU
		{C52AA7C8-797C-47D5-9AF6-68226CD52B56}.Debug|x64.ActiveCfg = Debug|x64
		{C52AA7C8-797C-47D5-9AF6-68226CD52B56}.Debug|x64.Build.0 = Debug|x64
		{C52AA7C8-797C-47D5-9AF6-68226CD52B56}.Debug|x86.ActiveCfg = Debug|x86
		{C52AA7C8-797C-47D5-9AF6-68226CD52B56}.Debug|x86.Build.0 = Debug|x86
		{C52AA7C8-797C-47D5-9AF6-68226CD52B56}.Release|Any CPU.ActiveCfg = Release|Any CPU
		{C52AA7C8-797C-47D5-9AF6-68226CD52B56}.Release|Any CPU.Build.0 = Release|Any CPU
		{C52AA7C8-797C-47D5-9AF6-68226CD52B56}.Release|x64.ActiveCfg = Release|x64
		{C52AA7C8-797C-47D5-9AF6-68226CD52B56}.Release|x64.Build.0 = Release|x64
		{C52AA7C8-797C-47D5-9AF6-68226CD52B56}.Release|x86.ActiveCfg = Release|x86
		{C52AA7C8-797C-47D5-9AF6-68226CD52B56}.Release|x86.Build.0 = Release|x86
		{EB513C65-C6B3-49B9-9334-1F054F8B0C7A}.Debug|Any CPU.ActiveCfg = Debug|Any CPU
		{EB513C65-C6B3-49B9-9334-1F054F8B0C7A}.Debug|Any CPU.Build.0 = Debug|Any CPU
		{EB513C65-C6B3-49B9-9334-1F054F8B0C7A}.Debug|x64.ActiveCfg = Debug|x64
		{EB513C65-C6B3-49B9-9334-1F054F8B0C7A}.Debug|x64.Build.0 = Debug|x64
		{EB513C65-C6B3-49B9-9334-1F054F8B0C7A}.Debug|x86.ActiveCfg = Debug|x86
		{EB513C65-C6B3-49B9-9334-1F054F8B0C7A}.Debug|x86.Build.0 = Debug|x86
		{EB513C65-C6B3-49B9-9334-1F054F8B0C7A}.Release|Any CPU.ActiveCfg = Release|Any CPU
		{EB513C65-C6B3-49B9-9334-1F054F8B0C7A}.Release|Any CPU.Build.0 = Release|Any CPU
		{EB513C65-C6B3-49B9-9334-1F054F8B0C7A}.Release|x64.ActiveCfg = Release|x64
		{EB513C65-C6B3-49B9-9334-1F054F8B0C7A}.Release|x64.Build.0 = Release|x64
		{EB513C65-C6B3-49B9-9334-1F054F8B0C7A}.Release|x86.ActiveCfg = Release|x86
		{EB513C65-C6B3-49B9-9334-1F054F8B0C7A}.Release|x86.Build.0 = Release|x86
		{8E21AF9D-AC20-47A3-BD13-26D4FE9CC52E}.Debug|Any CPU.ActiveCfg = Debug|Any CPU
		{8E21AF9D-AC20-47A3-BD13-26D4FE9CC52E}.Debug|Any CPU.Build.0 = Debug|Any CPU
		{8E21AF9D-AC20-47A3-BD13-26D4FE9CC52E}.Debug|x64.ActiveCfg = Debug|x64
		{8E21AF9D-AC20-47A3-BD13-26D4FE9CC52E}.Debug|x64.Build.0 = Debug|x64
		{8E21AF9D-AC20-47A3-BD13-26D4FE9CC52E}.Debug|x86.ActiveCfg = Debug|x86
		{8E21AF9D-AC20-47A3-BD13-26D4FE9CC52E}.Debug|x86.Build.0 = Debug|x86
		{8E21AF9D-AC20-47A3-BD13-26D4FE9CC52E}.Release|Any CPU.ActiveCfg = Release|Any CPU
		{8E21AF9D-AC20-47A3-BD13-26D4FE9CC52E}.Release|Any CPU.Build.0 = Release|Any CPU
		{8E21AF9D-AC20-47A3-BD13-26D4FE9CC52E}.Release|x64.ActiveCfg = Release|x64
		{8E21AF9D-AC20-47A3-BD13-26D4FE9CC52E}.Release|x64.Build.0 = Release|x64
		{8E21AF9D-AC20-47A3-BD13-26D4FE9CC52E}.Release|x86.ActiveCfg = Release|x86
		{8E21AF9D-AC20-47A3-BD13-26D4FE9CC52E}.Release|x86.Build.0 = Release|x86
		{2EE8FF6D-E236-4CC3-AB7C-D126D87C2105}.Debug|Any CPU.ActiveCfg = Debug|Any CPU
		{2EE8FF6D-E236-4CC3-AB7C-D126D87C2105}.Debug|Any CPU.Build.0 = Debug|Any CPU
		{2EE8FF6D-E236-4CC3-AB7C-D126D87C2105}.Debug|x64.ActiveCfg = Debug|Any CPU
		{2EE8FF6D-E236-4CC3-AB7C-D126D87C2105}.Debug|x64.Build.0 = Debug|Any CPU
		{2EE8FF6D-E236-4CC3-AB7C-D126D87C2105}.Debug|x86.ActiveCfg = Debug|Any CPU
		{2EE8FF6D-E236-4CC3-AB7C-D126D87C2105}.Debug|x86.Build.0 = Debug|Any CPU
		{2EE8FF6D-E236-4CC3-AB7C-D126D87C2105}.Release|Any CPU.ActiveCfg = Release|Any CPU
		{2EE8FF6D-E236-4CC3-AB7C-D126D87C2105}.Release|Any CPU.Build.0 = Release|Any CPU
		{2EE8FF6D-E236-4CC3-AB7C-D126D87C2105}.Release|x64.ActiveCfg = Release|Any CPU
		{2EE8FF6D-E236-4CC3-AB7C-D126D87C2105}.Release|x64.Build.0 = Release|Any CPU
		{2EE8FF6D-E236-4CC3-AB7C-D126D87C2105}.Release|x86.ActiveCfg = Release|Any CPU
		{2EE8FF6D-E236-4CC3-AB7C-D126D87C2105}.Release|x86.Build.0 = Release|Any CPU
		{9B784218-A1B4-433B-9F11-F6B54B3C0D50}.Debug|Any CPU.ActiveCfg = Debug|Any CPU
		{9B784218-A1B4-433B-9F11-F6B54B3C0D50}.Debug|Any CPU.Build.0 = Debug|Any CPU
		{9B784218-A1B4-433B-9F11-F6B54B3C0D50}.Debug|x64.ActiveCfg = Debug|Any CPU
		{9B784218-A1B4-433B-9F11-F6B54B3C0D50}.Debug|x64.Build.0 = Debug|Any CPU
		{9B784218-A1B4-433B-9F11-F6B54B3C0D50}.Debug|x86.ActiveCfg = Debug|Any CPU
		{9B784218-A1B4-433B-9F11-F6B54B3C0D50}.Debug|x86.Build.0 = Debug|Any CPU
		{9B784218-A1B4-433B-9F11-F6B54B3C0D50}.Release|Any CPU.ActiveCfg = Release|Any CPU
		{9B784218-A1B4-433B-9F11-F6B54B3C0D50}.Release|Any CPU.Build.0 = Release|Any CPU
		{9B784218-A1B4-433B-9F11-F6B54B3C0D50}.Release|x64.ActiveCfg = Release|Any CPU
		{9B784218-A1B4-433B-9F11-F6B54B3C0D50}.Release|x64.Build.0 = Release|Any CPU
		{9B784218-A1B4-433B-9F11-F6B54B3C0D50}.Release|x86.ActiveCfg = Release|Any CPU
		{9B784218-A1B4-433B-9F11-F6B54B3C0D50}.Release|x86.Build.0 = Release|Any CPU
	EndGlobalSection
EndGlobal
